# This file is automatically @generated by Poetry 2.1.3 and should not be changed by hand.

[[package]]
name = "asgiref"
version = "3.8.1"
description = "ASGI specs, helper code, and adapters"
optional = false
python-versions = ">=3.8"
groups = ["main"]
files = [
    {file = "asgiref-3.8.1-py3-none-any.whl", hash = "sha256:3e1e3ecc849832fe52ccf2cb6686b7a55f82bb1d6aee72a58826471390335e47"},
    {file = "asgiref-3.8.1.tar.gz", hash = "sha256:c343bd80a0bec947a9860adb4c432ffa7db769836c64238fc34bdc3fec84d590"},
]

[package.dependencies]
typing-extensions = {version = ">=4", markers = "python_version < \"3.11\""}

[package.extras]
tests = ["mypy (>=0.800)", "pytest", "pytest-asyncio"]

[[package]]
name = "django"
version = "3.2.25"
description = "A high-level Python Web framework that encourages rapid development and clean, pragmatic design."
optional = false
python-versions = ">=3.6"
groups = ["main"]
files = [
    {file = "Django-3.2.25-py3-none-any.whl", hash = "sha256:a52ea7fcf280b16f7b739cec38fa6d3f8953a5456986944c3ca97e79882b4e38"},
    {file = "Django-3.2.25.tar.gz", hash = "sha256:7ca38a78654aee72378594d63e51636c04b8e28574f5505dff630895b5472777"},
]

[package.dependencies]
asgiref = ">=3.3.2,<4"
pytz = "*"
sqlparse = ">=0.2.2"

[package.extras]
argon2 = ["argon2-cffi (>=19.1.0)"]
bcrypt = ["bcrypt"]

[[package]]
name = "dnspython"
version = "2.6.1"
description = "DNS toolkit"
optional = false
python-versions = ">=3.8"
groups = ["main"]
files = [
    {file = "dnspython-2.6.1-py3-none-any.whl", hash = "sha256:5ef3b9680161f6fa89daf8ad451b5f1a33b18ae8a1c6778cdf4b43f08c0a6e50"},
    {file = "dnspython-2.6.1.tar.gz", hash = "sha256:e8f0f9c23a7b7cb99ded64e6c3a6f3e701d78f50c55e002b839dea7225cff7cc"},
]

[package.extras]
dev = ["black (>=23.1.0)", "coverage (>=7.0)", "flake8 (>=7)", "mypy (>=1.8)", "pylint (>=3)", "pytest (>=7.4)", "pytest-cov (>=4.1.0)", "sphinx (>=7.2.0)", "twine (>=4.0.0)", "wheel (>=0.42.0)"]
dnssec = ["cryptography (>=41)"]
doh = ["h2 (>=4.1.0)", "httpcore (>=1.0.0)", "httpx (>=0.26.0)"]
doq = ["aioquic (>=0.9.25)"]
idna = ["idna (>=3.6)"]
trio = ["trio (>=0.23)"]
wmi = ["wmi (>=1.5.1)"]

[[package]]
name = "pymongo"
version = "4.11.3"
description = "Python driver for MongoDB <http://www.mongodb.org>"
optional = false
python-versions = ">=3.9"
groups = ["main"]
files = [
    {file = "pymongo-4.11.3-cp310-cp310-macosx_10_9_x86_64.whl", hash = "sha256:78f19598246dd61ba2a4fc4dddfa6a4f9af704fff7d81cb4fe0d02c7b17b1f68"},
    {file = "pymongo-4.11.3-cp310-cp310-macosx_11_0_arm64.whl", hash = "sha256:1c9cbe81184ec81ad8c76ccedbf5b743639448008d68f51f9a3c8a9abe6d9a46"},
    {file = "pymongo-4.11.3-cp310-cp310-manylinux_2_17_aarch64.manylinux2014_aarch64.whl", hash = "sha256:b9047ecb3bc47c43ada7d6f98baf8060c637b1e880c803a2bbd1dc63b49d2f92"},
    {file = "pymongo-4.11.3-cp310-cp310-manylinux_2_17_ppc64le.manylinux2014_ppc64le.whl", hash = "sha256:f1a16ec731b42f6b2b4f1aa3a94e74ff2722aacf691922a2e8e607b7f6b8d9f1"},
    {file = "pymongo-4.11.3-cp310-cp310-manylinux_2_17_s390x.manylinux2014_s390x.whl", hash = "sha256:e9120e25ac468fda3e3a1749695e0c5e52ff2294334fcc81e70ccb65c897bb58"},
    {file = "pymongo-4.11.3-cp310-cp310-manylinux_2_17_x86_64.manylinux2014_x86_64.whl", hash = "sha256:f618bd6ed5c3c08b350b157b1d9066d3d389785b7359d2b7b7d82ca4083595d3"},
    {file = "pymongo-4.11.3-cp310-cp310-manylinux_2_5_i686.manylinux1_i686.manylinux_2_17_i686.manylinux2014_i686.whl", hash = "sha256:98017f006e047f5ed6c99c2cb1cac71534f0e11862beeff4d0bc9227189bedcd"},
    {file = "pymongo-4.11.3-cp310-cp310-win32.whl", hash = "sha256:84b9300ed411fef776c60feab40f3ee03db5d0ac8921285c6e03a3e27efa2c20"},
    {file = "pymongo-4.11.3-cp310-cp310-win_amd64.whl", hash = "sha256:07231d0bac54e32503507777719dd05ca63bc68896e64ea852edde2f1986b868"},
    {file = "pymongo-4.11.3-cp311-cp311-macosx_10_9_x86_64.whl", hash = "sha256:31b5ad4ce148b201fa8426d0767517dc68424c3380ef4a981038d4d4350f10ee"},
    {file = "pymongo-4.11.3-cp311-cp311-macosx_11_0_arm64.whl", hash = "sha256:505fb3facf54623b45c96e8e6ad6516f58bb8069f9456e1d7c0abdfdb6929c21"},
    {file = "pymongo-4.11.3-cp311-cp311-manylinux_2_17_aarch64.manylinux2014_aarch64.whl", hash = "sha256:b3f20467d695f49ce4c2d6cb87de458ebb3d098cbc951834a74f36a2e992a6bb"},
    {file = "pymongo-4.11.3-cp311-cp311-manylinux_2_17_ppc64le.manylinux2014_ppc64le.whl", hash = "sha256:65e8a397b03156880a099d55067daa1580a5333aaf4da3b0313bd7e1731e408f"},
    {file = "pymongo-4.11.3-cp311-cp311-manylinux_2_17_s390x.manylinux2014_s390x.whl", hash = "sha256:0992917ed259f5ca3506ec8009e7c82d398737a4230a607bf44d102cae31e1d6"},
    {file = "pymongo-4.11.3-cp311-cp311-manylinux_2_17_x86_64.manylinux2014_x86_64.whl", hash = "sha256:2f2f0c3ab8284e0e2674367fa47774411212c86482bbbe78e8ae9fb223b8f6ee"},
    {file = "pymongo-4.11.3-cp311-cp311-manylinux_2_5_i686.manylinux1_i686.manylinux_2_17_i686.manylinux2014_i686.whl", hash = "sha256:c2240126683f55160f83f587d76955ad1e419a72d5c09539a509bd9d1e20bd53"},
    {file = "pymongo-4.11.3-cp311-cp311-win32.whl", hash = "sha256:be89776c5b8272437a85c904d45e0f1bbc0f21bf11688341938380843dd7fe5f"},
    {file = "pymongo-4.11.3-cp311-cp311-win_amd64.whl", hash = "sha256:c237780760f891cae79abbfc52fda55b584492d5d9452762040aadb2c64ac691"},
    {file = "pymongo-4.11.3-cp312-cp312-macosx_10_13_x86_64.whl", hash = "sha256:5f48b7faf4064e5f484989608a59503b11b7f134ca344635e416b1b12e7dc255"},
    {file = "pymongo-4.11.3-cp312-cp312-macosx_11_0_arm64.whl", hash = "sha256:722f22bf18d208aa752591bde93e018065641711594e7a2fef0432da429264e8"},
    {file = "pymongo-4.11.3-cp312-cp312-manylinux_2_17_aarch64.manylinux2014_aarch64.whl", hash = "sha256:5be1b35c4897626327c4e8bae14655807c2bc710504fa790bc19a72403142264"},
    {file = "pymongo-4.11.3-cp312-cp312-manylinux_2_17_ppc64le.manylinux2014_ppc64le.whl", hash = "sha256:14f9e4d2172545798738d27bc6293b972c4f1f98cce248aa56e1e62c4c258ca7"},
    {file = "pymongo-4.11.3-cp312-cp312-manylinux_2_17_s390x.manylinux2014_s390x.whl", hash = "sha256:cd3f7bafe441135f58d2b91a312714f423e15fed5afe3854880c8c61ad78d3ce"},
    {file = "pymongo-4.11.3-cp312-cp312-manylinux_2_17_x86_64.manylinux2014_x86_64.whl", hash = "sha256:73de1b9f416a2662ba95b4b49edc963d47b93760a7e2b561b932c8099d160151"},
    {file = "pymongo-4.11.3-cp312-cp312-manylinux_2_5_i686.manylinux1_i686.manylinux_2_17_i686.manylinux2014_i686.whl", hash = "sha256:e24268e2d7ae96eab12161985b39e75a75185393134fc671f4bb1a16f50bf6f4"},
    {file = "pymongo-4.11.3-cp312-cp312-win32.whl", hash = "sha256:33a936d3c1828e4f52bed3dad6191a3618cc28ab056e2770390aec88d9e9f9ea"},
    {file = "pymongo-4.11.3-cp312-cp312-win_amd64.whl", hash = "sha256:c4673d8ef0c8ef712491a750adf64f7998202a82abd72be5be749749275b3edb"},
    {file = "pymongo-4.11.3-cp313-cp313-macosx_10_13_x86_64.whl", hash = "sha256:5e53b98c9700bb69f33a322b648d028bfe223ad135fb04ec48c0226998b80d0e"},
    {file = "pymongo-4.11.3-cp313-cp313-macosx_11_0_arm64.whl", hash = "sha256:8464aff011208cf86eae28f4a3624ebc4a40783634e119b2b35852252b901ef3"},
    {file = "pymongo-4.11.3-cp313-cp313-manylinux_2_17_aarch64.manylinux2014_aarch64.whl", hash = "sha256:3742ffc1951bec1450a5a6a02cfd40ddd4b1c9416b36c70ae439a532e8be0e05"},
    {file = "pymongo-4.11.3-cp313-cp313-manylinux_2_17_ppc64le.manylinux2014_ppc64le.whl", hash = "sha256:a29294b508975a5dfd384f4b902cd121dc2b6e5d55ea2be2debffd2a63461cd9"},
    {file = "pymongo-4.11.3-cp313-cp313-manylinux_2_17_s390x.manylinux2014_s390x.whl", hash = "sha256:051c741586ab6efafe72e027504ac4e5f01c88eceec579e4e1a438a369a61b0c"},
    {file = "pymongo-4.11.3-cp313-cp313-manylinux_2_17_x86_64.manylinux2014_x86_64.whl", hash = "sha256:4b05e03a327cdef28ec2bb72c974d412d308f5cf867a472ef17f9ac95d18ec05"},
    {file = "pymongo-4.11.3-cp313-cp313-manylinux_2_5_i686.manylinux1_i686.manylinux_2_17_i686.manylinux2014_i686.whl", hash = "sha256:dafeddf1db51df19effd0828ae75492b15d60c7faec388da08f1fe9593c88e7a"},
    {file = "pymongo-4.11.3-cp313-cp313-win32.whl", hash = "sha256:40c55afb34788ae6a6b8c175421fa46a37cfc45de41fe4669d762c3b1bbda48e"},
    {file = "pymongo-4.11.3-cp313-cp313-win_amd64.whl", hash = "sha256:a5b8b7ba9614a081d1f932724b7a6a20847f6c9629420ae81ce827db3b599af2"},
    {file = "pymongo-4.11.3-cp313-cp313t-macosx_10_13_x86_64.whl", hash = "sha256:0f23f849693e829655f667ea18b87bf34e1395237eb45084f3495317d455beb2"},
    {file = "pymongo-4.11.3-cp313-cp313t-macosx_11_0_arm64.whl", hash = "sha256:62bcfa88deb4a6152a7c93bedd1a808497f6c2881424ca54c3c81964a51c5040"},
    {file = "pymongo-4.11.3-cp313-cp313t-manylinux_2_17_aarch64.manylinux2014_aarch64.whl", hash = "sha256:2eaa0233858f72074bf0319f5034018092b43f19202bd7ecb822980c35bfd623"},
    {file = "pymongo-4.11.3-cp313-cp313t-manylinux_2_17_ppc64le.manylinux2014_ppc64le.whl", hash = "sha256:0a434e081017be360595237cd1aeac3d047dd38e8785c549be80748608c1d4ca"},
    {file = "pymongo-4.11.3-cp313-cp313t-manylinux_2_17_s390x.manylinux2014_s390x.whl", hash = "sha256:3e8aa65a9e4a989245198c249816d86cb240221861b748db92b8b3a5356bd6f1"},
    {file = "pymongo-4.11.3-cp313-cp313t-manylinux_2_17_x86_64.manylinux2014_x86_64.whl", hash = "sha256:d0a91004029d1fc9e66a800e6da4170afaa9b93bcf41299e4b5951b837b3467a"},
    {file = "pymongo-4.11.3-cp313-cp313t-manylinux_2_5_i686.manylinux1_i686.manylinux_2_17_i686.manylinux2014_i686.whl", hash = "sha256:1b992904ac78cb712b42c4b7348974ba1739137c1692cdf8bf75c3eeb22881a4"},
    {file = "pymongo-4.11.3-cp313-cp313t-win32.whl", hash = "sha256:45e18bda802d95a2aed88e487f06becc3bd0b22286a25aeca8c46b8c64980dbb"},
    {file = "pymongo-4.11.3-cp313-cp313t-win_amd64.whl", hash = "sha256:07d40b831590bc458b624f421849c2b09ad2b9110b956f658b583fe01fe01c01"},
    {file = "pymongo-4.11.3-cp39-cp39-macosx_10_9_x86_64.whl", hash = "sha256:4a1c241d8424c0e5d66a1710ff2b691f361b5fd354754a086ddea99ee19cc2d3"},
    {file = "pymongo-4.11.3-cp39-cp39-macosx_11_0_arm64.whl", hash = "sha256:1b1aaccbcb4a5aaaa3acaabc59b30edd047c38c6cdfc97eb64e0611b6882a6d6"},
    {file = "pymongo-4.11.3-cp39-cp39-manylinux_2_17_aarch64.manylinux2014_aarch64.whl", hash = "sha256:be60f63a310d0d2824e9fb2ef0f821bb45d23e73446af6d50bddda32564f285d"},
    {file = "pymongo-4.11.3-cp39-cp39-manylinux_2_17_ppc64le.manylinux2014_ppc64le.whl", hash = "sha256:f1b943d1b13f1232cb92762c82a5154f02b01234db8d632ea9525ab042bd7619"},
    {file = "pymongo-4.11.3-cp39-cp39-manylinux_2_17_s390x.manylinux2014_s390x.whl", hash = "sha256:afc7d1d2bd1997bb42fdba8a5a104198e4ff7990f096ac90353dcb87c69bb57f"},
    {file = "pymongo-4.11.3-cp39-cp39-manylinux_2_17_x86_64.manylinux2014_x86_64.whl", hash = "sha256:730fe9a6c432669fa69af0905a7a4835e5a3752363b2ae3b34007919003394cd"},
    {file = "pymongo-4.11.3-cp39-cp39-manylinux_2_5_i686.manylinux1_i686.manylinux_2_17_i686.manylinux2014_i686.whl", hash = "sha256:0633536b31980a8af7262edb03a20df88d8aa0ad803e48c49609b6408a33486d"},
    {file = "pymongo-4.11.3-cp39-cp39-manylinux_2_5_i686.manylinux1_i686.whl", hash = "sha256:e88e99f33a89e8f58f7401201e79e29f98b2da21d4082ba50eeae0828bb35451"},
    {file = "pymongo-4.11.3-cp39-cp39-manylinux_2_5_x86_64.manylinux1_x86_64.whl", hash = "sha256:a30f1b9bf79f53f995198ed42bc9b675fc38e6ec30d8f6f7e53094085b5eb803"},
    {file = "pymongo-4.11.3-cp39-cp39-win32.whl", hash = "sha256:e1872a33f1d4266c14fae1dc4744b955d0ef5d6fad87cc72141d04d8c97245dc"},
    {file = "pymongo-4.11.3-cp39-cp39-win_amd64.whl", hash = "sha256:a19f186455e4b3af1e11ee877346418d18303800ecc688ef732b5725c2795f13"},
    {file = "pymongo-4.11.3.tar.gz", hash = "sha256:b6f24aec7c0cfcf0ea9f89e92b7d40ba18a1e18c134815758f111ecb0122e61c"},
]

[package.dependencies]
dnspython = ">=1.16.0,<3.0.0"

[package.extras]
aws = ["pymongo-auth-aws (>=1.1.0,<2.0.0)"]
docs = ["furo (==2024.8.6)", "readthedocs-sphinx-search (>=0.3,<1.0)", "sphinx (>=5.3,<9)", "sphinx-autobuild (>=2020.9.1)", "sphinx-rtd-theme (>=2,<4)", "sphinxcontrib-shellcheck (>=1,<2)"]
encryption = ["certifi ; os_name == \"nt\" or sys_platform == \"darwin\"", "pymongo-auth-aws (>=1.1.0,<2.0.0)", "pymongocrypt (>=1.12.0,<2.0.0)"]
gssapi = ["pykerberos ; os_name != \"nt\"", "winkerberos (>=0.5.0) ; os_name == \"nt\""]
ocsp = ["certifi ; os_name == \"nt\" or sys_platform == \"darwin\"", "cryptography (>=2.5)", "pyopenssl (>=17.2.0)", "requests (<3.0.0)", "service-identity (>=18.1.0)"]
snappy = ["python-snappy"]
test = ["pytest (>=8.2)", "pytest-asyncio (>=0.24.0)"]
zstd = ["zstandard"]

[[package]]
name = "pytz"
version = "2025.2"
description = "World timezone definitions, modern and historical"
optional = false
python-versions = "*"
groups = ["main"]
files = [
    {file = "pytz-2025.2-py2.py3-none-any.whl", hash = "sha256:5ddf76296dd8c44c26eb8f4b6f35488f3ccbf6fbbd7adee0b7262d43f0ec2f00"},
    {file = "pytz-2025.2.tar.gz", hash = "sha256:360b9e3dbb49a209c21ad61809c7fb453643e048b38924c765813546746e81c3"},
]

[[package]]
name = "ruff"
version = "0.7.1"
description = "An extremely fast Python linter and code formatter, written in Rust."
optional = false
python-versions = ">=3.7"
groups = ["dev"]
files = [
    {file = "ruff-0.7.1-py3-none-linux_armv6l.whl", hash = "sha256:cb1bc5ed9403daa7da05475d615739cc0212e861b7306f314379d958592aaa89"},
    {file = "ruff-0.7.1-py3-none-macosx_10_12_x86_64.whl", hash = "sha256:27c1c52a8d199a257ff1e5582d078eab7145129aa02721815ca8fa4f9612dc35"},
    {file = "ruff-0.7.1-py3-none-macosx_11_0_arm64.whl", hash = "sha256:588a34e1ef2ea55b4ddfec26bbe76bc866e92523d8c6cdec5e8aceefeff02d99"},
    {file = "ruff-0.7.1-py3-none-manylinux_2_17_aarch64.manylinux2014_aarch64.whl", hash = "sha256:94fc32f9cdf72dc75c451e5f072758b118ab8100727168a3df58502b43a599ca"},
    {file = "ruff-0.7.1-py3-none-manylinux_2_17_armv7l.manylinux2014_armv7l.whl", hash = "sha256:985818742b833bffa543a84d1cc11b5e6871de1b4e0ac3060a59a2bae3969250"},
    {file = "ruff-0.7.1-py3-none-manylinux_2_17_i686.manylinux2014_i686.whl", hash = "sha256:32f1e8a192e261366c702c5fb2ece9f68d26625f198a25c408861c16dc2dea9c"},
    {file = "ruff-0.7.1-py3-none-manylinux_2_17_ppc64.manylinux2014_ppc64.whl", hash = "sha256:699085bf05819588551b11751eff33e9ca58b1b86a6843e1b082a7de40da1565"},
    {file = "ruff-0.7.1-py3-none-manylinux_2_17_ppc64le.manylinux2014_ppc64le.whl", hash = "sha256:344cc2b0814047dc8c3a8ff2cd1f3d808bb23c6658db830d25147339d9bf9ea7"},
    {file = "ruff-0.7.1-py3-none-manylinux_2_17_s390x.manylinux2014_s390x.whl", hash = "sha256:4316bbf69d5a859cc937890c7ac7a6551252b6a01b1d2c97e8fc96e45a7c8b4a"},
    {file = "ruff-0.7.1-py3-none-manylinux_2_17_x86_64.manylinux2014_x86_64.whl", hash = "sha256:79d3af9dca4c56043e738a4d6dd1e9444b6d6c10598ac52d146e331eb155a8ad"},
    {file = "ruff-0.7.1-py3-none-musllinux_1_2_aarch64.whl", hash = "sha256:c5c121b46abde94a505175524e51891f829414e093cd8326d6e741ecfc0a9112"},
    {file = "ruff-0.7.1-py3-none-musllinux_1_2_armv7l.whl", hash = "sha256:8422104078324ea250886954e48f1373a8fe7de59283d747c3a7eca050b4e378"},
    {file = "ruff-0.7.1-py3-none-musllinux_1_2_i686.whl", hash = "sha256:56aad830af8a9db644e80098fe4984a948e2b6fc2e73891538f43bbe478461b8"},
    {file = "ruff-0.7.1-py3-none-musllinux_1_2_x86_64.whl", hash = "sha256:658304f02f68d3a83c998ad8bf91f9b4f53e93e5412b8f2388359d55869727fd"},
    {file = "ruff-0.7.1-py3-none-win32.whl", hash = "sha256:b517a2011333eb7ce2d402652ecaa0ac1a30c114fbbd55c6b8ee466a7f600ee9"},
    {file = "ruff-0.7.1-py3-none-win_amd64.whl", hash = "sha256:f38c41fcde1728736b4eb2b18850f6d1e3eedd9678c914dede554a70d5241307"},
    {file = "ruff-0.7.1-py3-none-win_arm64.whl", hash = "sha256:19aa200ec824c0f36d0c9114c8ec0087082021732979a359d6f3c390a6ff2a37"},
    {file = "ruff-0.7.1.tar.gz", hash = "sha256:9d8a41d4aa2dad1575adb98a82870cf5db5f76b2938cf2206c22c940034a36f4"},
]

[[package]]
name = "sqlparse"
version = "0.5.0"
description = "A non-validating SQL parser."
optional = false
python-versions = ">=3.8"
groups = ["main"]
files = [
    {file = "sqlparse-0.5.0-py3-none-any.whl", hash = "sha256:c204494cd97479d0e39f28c93d46c0b2d5959c7b9ab904762ea6c7af211c8663"},
    {file = "sqlparse-0.5.0.tar.gz", hash = "sha256:714d0a4932c059d16189f58ef5411ec2287a4360f17cdd0edd2d09d4c5087c93"},
]

[package.extras]
dev = ["build", "hatch"]
doc = ["sphinx"]

[[package]]
name = "typing-extensions"
version = "4.12.2"
description = "Backported and Experimental Type Hints for Python 3.8+"
optional = false
python-versions = ">=3.8"
groups = ["main"]
markers = "python_version < \"3.11\""
files = [
    {file = "typing_extensions-4.12.2-py3-none-any.whl", hash = "sha256:04e5ca0351e0f3f85c6853954072df659d0d13fac324d0072316b67d7794700d"},
    {file = "typing_extensions-4.12.2.tar.gz", hash = "sha256:1a7ead55c7e559dd4dee8856e3a88b41225abfe1ce8df57b7c13915fe121ffb8"},
]

[metadata]
lock-version = "2.1"
python-versions = ">=3.9"
content-hash = "668dfda17dd40390d354935f5a6cc31f41a9d926517f1b85c4036d2877362f08"
